
Microsoft Visual Studio Solution File, Format Version 12.00
# Visual Studio Version 17
VisualStudioVersion = 17.4.33103.184
MinimumVisualStudioVersion = 10.0.40219.1
Project("{2150E333-8FDC-42A3-9474-1A3956D46DE8}") = "src", "src", "{5144468C-1F61-406F-90BA-A149241193D5}"
EndProject
Project("{FAE04EC0-301F-11D3-BF4B-00C04F79EFBC}") = "Locations.API", "src\Locations.API\Locations.API.csproj", "{B3FFD04D-2347-4D7F-8C6E-1F4550AA7D18}"
EndProject
Global
	GlobalSection(SolutionConfigurationPlatforms) = preSolution
		Debug|Any CPU = Debug|Any CPU
		Release|Any CPU = Release|Any CPU
	EndGlobalSection
	GlobalSection(ProjectConfigurationPlatforms) = postSolution
		{B3FFD04D-2347-4D7F-8C6E-1F4550AA7D18}.Debug|Any CPU.ActiveCfg = Debug|Any CPU
		{B3FFD04D-2347-4D7F-8C6E-1F4550AA7D18}.Debug|Any CPU.Build.0 = Debug|Any CPU
		{B3FFD04D-2347-4D7F-8C6E-1F4550AA7D18}.Release|Any CPU.ActiveCfg = Release|Any CPU
		{B3FFD04D-2347-4D7F-8C6E-1F4550AA7D18}.Release|Any CPU.Build.0 = Release|Any CPU
	EndGlobalSection
	GlobalSection(SolutionProperties) = preSolution
		HideSolutionNode = FALSE
	EndGlobalSection
	GlobalSection(NestedProjects) = preSolution
		{B3FFD04D-2347-4D7F-8C6E-1F4550AA7D18} = {5144468C-1F61-406F-90BA-A149241193D5}
	EndGlobalSection
	GlobalSection(ExtensibilityGlobals) = postSolution
		SolutionGuid = {ABD29FAD-01DD-4F04-B8FB-56BCA54BF2D1}
	EndGlobalSection
EndGlobal
